
Microsoft Visual Studio Solution File, Format Version 12.00
# Visual Studio 2012
Project("{8BC9CEB8-8B4A-11D0-8D11-00A0C91BC942}") = "NoLifeNx", "NoLifeNx\NoLifeNx.vcxproj", "{A9F2D040-71A0-4593-9EAE-0E6820DC39FE}"
EndProject
Project("{8BC9CEB8-8B4A-11D0-8D11-00A0C91BC942}") = "NoLifeClient", "NoLifeClient\NoLifeClient.vcxproj", "{21EFC7E3-D40F-4E4D-96F2-D5CAEA30A4C4}"
	ProjectSection(ProjectDependencies) = postProject
		{A9F2D040-71A0-4593-9EAE-0E6820DC39FE} = {A9F2D040-71A0-4593-9EAE-0E6820DC39FE}
	EndProjectSection
EndProject
Project("{8BC9CEB8-8B4A-11D0-8D11-00A0C91BC942}") = "NoLifeWzToNx", "NoLifeWzToNx\NoLifeWzToNx.vcxproj", "{52EBD968-07B9-46B1-85F6-1491693355AF}"
EndProject
Project("{8BC9CEB8-8B4A-11D0-8D11-00A0C91BC942}") = "NoLifeIRC", "NoLifeIRC\NoLifeIRC.vcxproj", "{2BBC5A8F-3E4A-4A43-998F-B9374280790F}"
	ProjectSection(ProjectDependencies) = postProject
		{A9F2D040-71A0-4593-9EAE-0E6820DC39FE} = {A9F2D040-71A0-4593-9EAE-0E6820DC39FE}
	EndProjectSection
EndProject
Project("{8BC9CEB8-8B4A-11D0-8D11-00A0C91BC942}") = "NoLifeTrade", "NoLifeTrade\NoLifeTrade.vcxproj", "{1E3376E5-0F3A-4C02-B0C0-AFA1894EFB43}"
	ProjectSection(ProjectDependencies) = postProject
		{A9F2D040-71A0-4593-9EAE-0E6820DC39FE} = {A9F2D040-71A0-4593-9EAE-0E6820DC39FE}
	EndProjectSection
EndProject
Project("{8BC9CEB8-8B4A-11D0-8D11-00A0C91BC942}") = "NoLifeWorld", "NoLifeWorld\NoLifeWorld.vcxproj", "{A91099F5-F709-4A88-B7BE-AF8BBC2250E2}"
	ProjectSection(ProjectDependencies) = postProject
		{A9F2D040-71A0-4593-9EAE-0E6820DC39FE} = {A9F2D040-71A0-4593-9EAE-0E6820DC39FE}
	EndProjectSection
EndProject
Project("{8BC9CEB8-8B4A-11D0-8D11-00A0C91BC942}") = "NoLifeChannel", "NoLifeChannel\NoLifeChannel.vcxproj", "{2FB0C1F1-3300-4981-BF4B-688892798B92}"
	ProjectSection(ProjectDependencies) = postProject
		{A9F2D040-71A0-4593-9EAE-0E6820DC39FE} = {A9F2D040-71A0-4593-9EAE-0E6820DC39FE}
	EndProjectSection
EndProject
Project("{8BC9CEB8-8B4A-11D0-8D11-00A0C91BC942}") = "NoLifeLogin", "NoLifeLogin\NoLifeLogin.vcxproj", "{4B82DE84-71D2-4E5C-8578-3EE1A2FCD360}"
	ProjectSection(ProjectDependencies) = postProject
		{A9F2D040-71A0-4593-9EAE-0E6820DC39FE} = {A9F2D040-71A0-4593-9EAE-0E6820DC39FE}
	EndProjectSection
EndProject
Global
	GlobalSection(SolutionConfigurationPlatforms) = preSolution
		Debug|Win32 = Debug|Win32
		Debug|x64 = Debug|x64
		Release|Win32 = Release|Win32
		Release|x64 = Release|x64
	EndGlobalSection
	GlobalSection(ProjectConfigurationPlatforms) = postSolution
		{A9F2D040-71A0-4593-9EAE-0E6820DC39FE}.Debug|Win32.ActiveCfg = Debug|Win32
		{A9F2D040-71A0-4593-9EAE-0E6820DC39FE}.Debug|Win32.Build.0 = Debug|Win32
		{A9F2D040-71A0-4593-9EAE-0E6820DC39FE}.Debug|x64.ActiveCfg = Debug|x64
		{A9F2D040-71A0-4593-9EAE-0E6820DC39FE}.Debug|x64.Build.0 = Debug|x64
		{A9F2D040-71A0-4593-9EAE-0E6820DC39FE}.Release|Win32.ActiveCfg = Release|Win32
		{A9F2D040-71A0-4593-9EAE-0E6820DC39FE}.Release|Win32.Build.0 = Release|Win32
		{A9F2D040-71A0-4593-9EAE-0E6820DC39FE}.Release|x64.ActiveCfg = Release|x64
		{A9F2D040-71A0-4593-9EAE-0E6820DC39FE}.Release|x64.Build.0 = Release|x64
		{21EFC7E3-D40F-4E4D-96F2-D5CAEA30A4C4}.Debug|Win32.ActiveCfg = Debug|Win32
		{21EFC7E3-D40F-4E4D-96F2-D5CAEA30A4C4}.Debug|Win32.Build.0 = Debug|Win32
		{21EFC7E3-D40F-4E4D-96F2-D5CAEA30A4C4}.Debug|x64.ActiveCfg = Debug|x64
		{21EFC7E3-D40F-4E4D-96F2-D5CAEA30A4C4}.Debug|x64.Build.0 = Debug|x64
		{21EFC7E3-D40F-4E4D-96F2-D5CAEA30A4C4}.Release|Win32.ActiveCfg = Release|Win32
		{21EFC7E3-D40F-4E4D-96F2-D5CAEA30A4C4}.Release|Win32.Build.0 = Release|Win32
		{21EFC7E3-D40F-4E4D-96F2-D5CAEA30A4C4}.Release|x64.ActiveCfg = Release|x64
		{21EFC7E3-D40F-4E4D-96F2-D5CAEA30A4C4}.Release|x64.Build.0 = Release|x64
		{52EBD968-07B9-46B1-85F6-1491693355AF}.Debug|Win32.ActiveCfg = Debug|Win32
		{52EBD968-07B9-46B1-85F6-1491693355AF}.Debug|Win32.Build.0 = Debug|Win32
		{52EBD968-07B9-46B1-85F6-1491693355AF}.Debug|x64.ActiveCfg = Debug|x64
		{52EBD968-07B9-46B1-85F6-1491693355AF}.Debug|x64.Build.0 = Debug|x64
		{52EBD968-07B9-46B1-85F6-1491693355AF}.Release|Win32.ActiveCfg = Release|Win32
		{52EBD968-07B9-46B1-85F6-1491693355AF}.Release|Win32.Build.0 = Release|Win32
		{52EBD968-07B9-46B1-85F6-1491693355AF}.Release|x64.ActiveCfg = Release|x64
		{52EBD968-07B9-46B1-85F6-1491693355AF}.Release|x64.Build.0 = Release|x64
		{2BBC5A8F-3E4A-4A43-998F-B9374280790F}.Debug|Win32.ActiveCfg = Debug|Win32
		{2BBC5A8F-3E4A-4A43-998F-B9374280790F}.Debug|Win32.Build.0 = Debug|Win32
		{2BBC5A8F-3E4A-4A43-998F-B9374280790F}.Debug|x64.ActiveCfg = Debug|x64
		{2BBC5A8F-3E4A-4A43-998F-B9374280790F}.Debug|x64.Build.0 = Debug|x64
		{2BBC5A8F-3E4A-4A43-998F-B9374280790F}.Release|Win32.ActiveCfg = Release|Win32
		{2BBC5A8F-3E4A-4A43-998F-B9374280790F}.Release|Win32.Build.0 = Release|Win32
		{2BBC5A8F-3E4A-4A43-998F-B9374280790F}.Release|x64.ActiveCfg = Release|x64
		{2BBC5A8F-3E4A-4A43-998F-B9374280790F}.Release|x64.Build.0 = Release|x64
		{1E3376E5-0F3A-4C02-B0C0-AFA1894EFB43}.Debug|Win32.ActiveCfg = Debug|Win32
		{1E3376E5-0F3A-4C02-B0C0-AFA1894EFB43}.Debug|Win32.Build.0 = Debug|Win32
		{1E3376E5-0F3A-4C02-B0C0-AFA1894EFB43}.Debug|x64.ActiveCfg = Debug|x64
		{1E3376E5-0F3A-4C02-B0C0-AFA1894EFB43}.Debug|x64.Build.0 = Debug|x64
		{1E3376E5-0F3A-4C02-B0C0-AFA1894EFB43}.Release|Win32.ActiveCfg = Release|Win32
		{1E3376E5-0F3A-4C02-B0C0-AFA1894EFB43}.Release|Win32.Build.0 = Release|Win32
		{1E3376E5-0F3A-4C02-B0C0-AFA1894EFB43}.Release|x64.ActiveCfg = Release|x64
		{1E3376E5-0F3A-4C02-B0C0-AFA1894EFB43}.Release|x64.Build.0 = Release|x64
		{A91099F5-F709-4A88-B7BE-AF8BBC2250E2}.Debug|Win32.ActiveCfg = Debug|Win32
		{A91099F5-F709-4A88-B7BE-AF8BBC2250E2}.Debug|Win32.Build.0 = Debug|Win32
		{A91099F5-F709-4A88-B7BE-AF8BBC2250E2}.Debug|x64.ActiveCfg = Debug|x64
		{A91099F5-F709-4A88-B7BE-AF8BBC2250E2}.Debug|x64.Build.0 = Debug|x64
		{A91099F5-F709-4A88-B7BE-AF8BBC2250E2}.Release|Win32.ActiveCfg = Release|Win32
		{A91099F5-F709-4A88-B7BE-AF8BBC2250E2}.Release|Win32.Build.0 = Release|Win32
		{A91099F5-F709-4A88-B7BE-AF8BBC2250E2}.Release|x64.ActiveCfg = Release|x64
		{A91099F5-F709-4A88-B7BE-AF8BBC2250E2}.Release|x64.Build.0 = Release|x64
		{2FB0C1F1-3300-4981-BF4B-688892798B92}.Debug|Win32.ActiveCfg = Debug|Win32
		{2FB0C1F1-3300-4981-BF4B-688892798B92}.Debug|Win32.Build.0 = Debug|Win32
		{2FB0C1F1-3300-4981-BF4B-688892798B92}.Debug|x64.ActiveCfg = Debug|x64
		{2FB0C1F1-3300-4981-BF4B-688892798B92}.Debug|x64.Build.0 = Debug|x64
		{2FB0C1F1-3300-4981-BF4B-688892798B92}.Release|Win32.ActiveCfg = Release|Win32
		{2FB0C1F1-3300-4981-BF4B-688892798B92}.Release|Win32.Build.0 = Release|Win32
		{2FB0C1F1-3300-4981-BF4B-688892798B92}.Release|x64.ActiveCfg = Release|x64
		{2FB0C1F1-3300-4981-BF4B-688892798B92}.Release|x64.Build.0 = Release|x64
		{4B82DE84-71D2-4E5C-8578-3EE1A2FCD360}.Debug|Win32.ActiveCfg = Debug|Win32
		{4B82DE84-71D2-4E5C-8578-3EE1A2FCD360}.Debug|Win32.Build.0 = Debug|Win32
		{4B82DE84-71D2-4E5C-8578-3EE1A2FCD360}.Debug|x64.ActiveCfg = Debug|x64
		{4B82DE84-71D2-4E5C-8578-3EE1A2FCD360}.Debug|x64.Build.0 = Debug|x64
		{4B82DE84-71D2-4E5C-8578-3EE1A2FCD360}.Release|Win32.ActiveCfg = Release|Win32
		{4B82DE84-71D2-4E5C-8578-3EE1A2FCD360}.Release|Win32.Build.0 = Release|Win32
		{4B82DE84-71D2-4E5C-8578-3EE1A2FCD360}.Release|x64.ActiveCfg = Release|x64
		{4B82DE84-71D2-4E5C-8578-3EE1A2FCD360}.Release|x64.Build.0 = Release|x64
	EndGlobalSection
	GlobalSection(SolutionProperties) = preSolution
		HideSolutionNode = FALSE
	EndGlobalSection
	GlobalSection(Performance) = preSolution
		HasPerformanceSessions = true
	EndGlobalSection
EndGlobal
