
Microsoft Visual Studio Solution File, Format Version 12.00
# Visual Studio 2013
VisualStudioVersion = 12.0.20617.1 PREVIEW
MinimumVisualStudioVersion = 10.0.40219.1
Project("{8BC9CEB8-8B4A-11D0-8D11-00A0C91BC942}") = "NoLifeNx", "NoLifeNx\NoLifeNx.vcxproj", "{A9F2D040-71A0-4593-9EAE-0E6820DC39FE}"
EndProject
Project("{8BC9CEB8-8B4A-11D0-8D11-00A0C91BC942}") = "NoLifeNxBench", "NoLifeNxBench\NoLifeNxBench.vcxproj", "{77E91142-3BCB-4283-8E80-4EE48AED491F}"
	ProjectSection(ProjectDependencies) = postProject
		{A9F2D040-71A0-4593-9EAE-0E6820DC39FE} = {A9F2D040-71A0-4593-9EAE-0E6820DC39FE}
	EndProjectSection
EndProject
Project("{8BC9CEB8-8B4A-11D0-8D11-00A0C91BC942}") = "NoLifeIRC", "NoLifeIRC\NoLifeIRC.vcxproj", "{2BBC5A8F-3E4A-4A43-998F-B9374280790F}"
	ProjectSection(ProjectDependencies) = postProject
		{A9F2D040-71A0-4593-9EAE-0E6820DC39FE} = {A9F2D040-71A0-4593-9EAE-0E6820DC39FE}
	EndProjectSection
EndProject
Project("{8BC9CEB8-8B4A-11D0-8D11-00A0C91BC942}") = "NoLifeProtocol", "NoLifeProtocol\NoLifeProtocol.vcxproj", "{7B1EA9EE-CA95-4989-985C-5A73FC775219}"
EndProject
Project("{8BC9CEB8-8B4A-11D0-8D11-00A0C91BC942}") = "NoLifeClient", "NoLifeClient\NoLifeClient.vcxproj", "{21EFC7E3-D40F-4E4D-96F2-D5CAEA30A4C4}"
	ProjectSection(ProjectDependencies) = postProject
		{2BBC5A8F-3E4A-4A43-998F-B9374280790F} = {2BBC5A8F-3E4A-4A43-998F-B9374280790F}
		{7B1EA9EE-CA95-4989-985C-5A73FC775219} = {7B1EA9EE-CA95-4989-985C-5A73FC775219}
	EndProjectSection
EndProject
Global
	GlobalSection(SolutionConfigurationPlatforms) = preSolution
		Debug|Win32 = Debug|Win32
		Debug|x64 = Debug|x64
		Release|Win32 = Release|Win32
		Release|x64 = Release|x64
	EndGlobalSection
	GlobalSection(ProjectConfigurationPlatforms) = postSolution
		{A9F2D040-71A0-4593-9EAE-0E6820DC39FE}.Debug|Win32.ActiveCfg = Debug|x64
		{A9F2D040-71A0-4593-9EAE-0E6820DC39FE}.Debug|x64.ActiveCfg = Debug|x64
		{A9F2D040-71A0-4593-9EAE-0E6820DC39FE}.Debug|x64.Build.0 = Debug|x64
		{A9F2D040-71A0-4593-9EAE-0E6820DC39FE}.Release|Win32.ActiveCfg = Release|x64
		{A9F2D040-71A0-4593-9EAE-0E6820DC39FE}.Release|x64.ActiveCfg = Release|x64
		{A9F2D040-71A0-4593-9EAE-0E6820DC39FE}.Release|x64.Build.0 = Release|x64
		{77E91142-3BCB-4283-8E80-4EE48AED491F}.Debug|Win32.ActiveCfg = Debug|x64
		{77E91142-3BCB-4283-8E80-4EE48AED491F}.Debug|x64.ActiveCfg = Debug|x64
		{77E91142-3BCB-4283-8E80-4EE48AED491F}.Debug|x64.Build.0 = Debug|x64
		{77E91142-3BCB-4283-8E80-4EE48AED491F}.Release|Win32.ActiveCfg = Release|x64
		{77E91142-3BCB-4283-8E80-4EE48AED491F}.Release|x64.ActiveCfg = Release|x64
		{77E91142-3BCB-4283-8E80-4EE48AED491F}.Release|x64.Build.0 = Release|x64
		{2BBC5A8F-3E4A-4A43-998F-B9374280790F}.Debug|Win32.ActiveCfg = Debug|x64
		{2BBC5A8F-3E4A-4A43-998F-B9374280790F}.Debug|x64.ActiveCfg = Debug|x64
		{2BBC5A8F-3E4A-4A43-998F-B9374280790F}.Debug|x64.Build.0 = Debug|x64
		{2BBC5A8F-3E4A-4A43-998F-B9374280790F}.Release|Win32.ActiveCfg = Release|x64
		{2BBC5A8F-3E4A-4A43-998F-B9374280790F}.Release|x64.ActiveCfg = Release|x64
		{2BBC5A8F-3E4A-4A43-998F-B9374280790F}.Release|x64.Build.0 = Release|x64
		{7B1EA9EE-CA95-4989-985C-5A73FC775219}.Debug|Win32.ActiveCfg = Debug|Win32
		{7B1EA9EE-CA95-4989-985C-5A73FC775219}.Debug|Win32.Build.0 = Debug|Win32
		{7B1EA9EE-CA95-4989-985C-5A73FC775219}.Debug|x64.ActiveCfg = Debug|x64
		{7B1EA9EE-CA95-4989-985C-5A73FC775219}.Debug|x64.Build.0 = Debug|x64
		{7B1EA9EE-CA95-4989-985C-5A73FC775219}.Release|Win32.ActiveCfg = Release|Win32
		{7B1EA9EE-CA95-4989-985C-5A73FC775219}.Release|Win32.Build.0 = Release|Win32
		{7B1EA9EE-CA95-4989-985C-5A73FC775219}.Release|x64.ActiveCfg = Release|x64
		{7B1EA9EE-CA95-4989-985C-5A73FC775219}.Release|x64.Build.0 = Release|x64
		{21EFC7E3-D40F-4E4D-96F2-D5CAEA30A4C4}.Debug|Win32.ActiveCfg = Debug|Win32
		{21EFC7E3-D40F-4E4D-96F2-D5CAEA30A4C4}.Debug|Win32.Build.0 = Debug|Win32
		{21EFC7E3-D40F-4E4D-96F2-D5CAEA30A4C4}.Debug|x64.ActiveCfg = Debug|x64
		{21EFC7E3-D40F-4E4D-96F2-D5CAEA30A4C4}.Debug|x64.Build.0 = Debug|x64
		{21EFC7E3-D40F-4E4D-96F2-D5CAEA30A4C4}.Release|Win32.ActiveCfg = Release|Win32
		{21EFC7E3-D40F-4E4D-96F2-D5CAEA30A4C4}.Release|Win32.Build.0 = Release|Win32
		{21EFC7E3-D40F-4E4D-96F2-D5CAEA30A4C4}.Release|x64.ActiveCfg = Release|x64
		{21EFC7E3-D40F-4E4D-96F2-D5CAEA30A4C4}.Release|x64.Build.0 = Release|x64
	EndGlobalSection
	GlobalSection(SolutionProperties) = preSolution
		HideSolutionNode = FALSE
	EndGlobalSection
	GlobalSection(Performance) = preSolution
		HasPerformanceSessions = true
	EndGlobalSection
EndGlobal
