
Microsoft Visual Studio Solution File, Format Version 12.00
# Visual Studio 11
Project("{8BC9CEB8-8B4A-11D0-8D11-00A0C91BC942}") = "wz", "wz\wz.vcxproj", "{4865841C-C9A1-346A-DAC9-8BB5441D198C}"
EndProject
Project("{8BC9CEB8-8B4A-11D0-8D11-00A0C91BC942}") = "wztest", "wztest\wztest.vcxproj", "{384B74B5-FA3F-737C-007A-036B0B5FAD10}"
	ProjectSection(ProjectDependencies) = postProject
		{4865841C-C9A1-346A-DAC9-8BB5441D198C} = {4865841C-C9A1-346A-DAC9-8BB5441D198C}
	EndProjectSection
EndProject
Global
	GlobalSection(SolutionConfigurationPlatforms) = preSolution
		Debug|Win32 = Debug|Win32
		Release|Win32 = Release|Win32
	EndGlobalSection
	GlobalSection(ProjectConfigurationPlatforms) = postSolution
		{384B74B5-FA3F-737C-007A-036B0B5FAD10}.Debug|Win32.ActiveCfg = Debug|Win32
		{384B74B5-FA3F-737C-007A-036B0B5FAD10}.Debug|Win32.Build.0 = Debug|Win32
		{384B74B5-FA3F-737C-007A-036B0B5FAD10}.Release|Win32.ActiveCfg = Release|Win32
		{384B74B5-FA3F-737C-007A-036B0B5FAD10}.Release|Win32.Build.0 = Release|Win32
		{4865841C-C9A1-346A-DAC9-8BB5441D198C}.Debug|Win32.ActiveCfg = Debug|Win32
		{4865841C-C9A1-346A-DAC9-8BB5441D198C}.Debug|Win32.Build.0 = Debug|Win32
		{4865841C-C9A1-346A-DAC9-8BB5441D198C}.Release|Win32.ActiveCfg = Release|Win32
		{4865841C-C9A1-346A-DAC9-8BB5441D198C}.Release|Win32.Build.0 = Release|Win32
	EndGlobalSection
	GlobalSection(SolutionProperties) = preSolution
		HideSolutionNode = FALSE
	EndGlobalSection
	GlobalSection(Performance) = preSolution
		HasPerformanceSessions = true
	EndGlobalSection
EndGlobal
